
Microsoft Visual Studio Solution File, Format Version 12.00
# Visual Studio Version 17
VisualStudioVersion = 17.11.35208.52
MinimumVisualStudioVersion = 10.0.40219.1
Project("{2150E333-8FDC-42A3-9474-1A3956D46DE8}") = "1.OnlyController", "1.OnlyController", "{F5AC5AC9-E376-4DC7-8A9F-32ACA0DC7302}"
	ProjectSection(SolutionItems) = preProject
		OnlyController\README.md = OnlyController\README.md
	EndProjectSection
EndProject
Project("{9A19103F-16F7-4668-BE54-9A1E7A4F7556}") = "BackendData", "OnlyController\BackendData\BackendData.csproj", "{26207B6F-572B-40E9-8A43-CC7388B4BA5F}"
EndProject
Project("{2150E333-8FDC-42A3-9474-1A3956D46DE8}") = "2.ResponseTypeDemo", "2.ResponseTypeDemo", "{9748A154-7414-42CE-BCDE-EE7B76BB3E79}"
	ProjectSection(SolutionItems) = preProject
		ResponseTypeDemo\README.md = ResponseTypeDemo\README.md
	EndProjectSection
EndProject
Project("{2150E333-8FDC-42A3-9474-1A3956D46DE8}") = "4.WithServiceAndDTOs", "4.WithServiceAndDTOs", "{159992B7-F854-4F1B-B3F0-59808F560C4B}"
	ProjectSection(SolutionItems) = preProject
		WithServiceAndDTOs\BlogWebApiArkitekturDiagram_100pct.png = WithServiceAndDTOs\BlogWebApiArkitekturDiagram_100pct.png
		WithServiceAndDTOs\README.md = WithServiceAndDTOs\README.md
	EndProjectSection
EndProject
Project("{2150E333-8FDC-42A3-9474-1A3956D46DE8}") = "10.CRUDrelatedEntities", "10.CRUDrelatedEntities", "{CD75E711-D796-4C19-B064-FB8D5628E539}"
	ProjectSection(SolutionItems) = preProject
		CRUDrelatedEntities\README.md = CRUDrelatedEntities\README.md
	EndProjectSection
EndProject
Project("{2150E333-8FDC-42A3-9474-1A3956D46DE8}") = "Solution Items", "Solution Items", "{06BD93D9-2EC7-4D34-8680-D716C6F584B4}"
	ProjectSection(SolutionItems) = preProject
		README.md = README.md
	EndProjectSection
EndProject
Project("{9A19103F-16F7-4668-BE54-9A1E7A4F7556}") = "BackendData", "ResponseTypeDemo\BackendData\BackendData.csproj", "{CFA1A999-3221-4151-BBA0-475B41B8F9ED}"
EndProject
Project("{9A19103F-16F7-4668-BE54-9A1E7A4F7556}") = "BlogsWebApi", "ResponseTypeDemo\BlogsWebApi\BlogsWebApi.csproj", "{AF56E5A4-1ACC-47C1-A769-D192DF3FD4FF}"
EndProject
Project("{9A19103F-16F7-4668-BE54-9A1E7A4F7556}") = "BackendData", "WithServiceAndDTOs\BackendData\BackendData.csproj", "{4042757C-D39F-40FB-9356-DD6791A96FF3}"
EndProject
Project("{9A19103F-16F7-4668-BE54-9A1E7A4F7556}") = "BlogsWebApi", "WithServiceAndDTOs\BlogsWebApi\BlogsWebApi.csproj", "{93D299FC-1690-44E9-A2ED-65FC4FCB3DFB}"
EndProject
Project("{9A19103F-16F7-4668-BE54-9A1E7A4F7556}") = "BackendData", "CRUDrelatedEntities\BackendData\BackendData.csproj", "{8AF609F4-BAA6-4096-89BB-B045F14FDD29}"
EndProject
Project("{9A19103F-16F7-4668-BE54-9A1E7A4F7556}") = "BlogsWebApi", "CRUDrelatedEntities\BlogsWebApi\BlogsWebApi.csproj", "{20E23A43-B8F3-48F8-96C0-A16F53745CB2}"
EndProject
Project("{9A19103F-16F7-4668-BE54-9A1E7A4F7556}") = "BlogsWebApi", "OnlyController\BlogsWebApi\BlogsWebApi.csproj", "{DE09746B-CC8E-4800-BD6F-C0FD0B6A9D12}"
EndProject
Project("{9A19103F-16F7-4668-BE54-9A1E7A4F7556}") = "SimpleWebApi", "SimpleWebApi\SimpleWebApi.csproj", "{B0296E77-162F-4A0D-8D67-DBD193F37E03}"
EndProject
Project("{2150E333-8FDC-42A3-9474-1A3956D46DE8}") = "0.SimpleWebApi", "0.SimpleWebApi", "{C3CB225D-E78D-4D6E-B847-FD2648D58BD3}"
EndProject
Project("{9A19103F-16F7-4668-BE54-9A1E7A4F7556}") = "DependencyInjectionDemo", "DependencyInjectionDemo\DependencyInjectionDemo\DependencyInjectionDemo.csproj", "{98E74678-68C6-4095-9F62-DBE045242533}"
EndProject
Project("{2150E333-8FDC-42A3-9474-1A3956D46DE8}") = "3.DependencyInjection", "3.DependencyInjection", "{6789B6A7-9A7C-4707-8677-BB8FA009DB9D}"
EndProject
Project("{9A19103F-16F7-4668-BE54-9A1E7A4F7556}") = "RoutingConfig", "RoutingConfig\RoutingConfig.csproj", "{F4944902-782F-45F6-AAC0-9A2544C150B1}"
EndProject
Project("{2150E333-8FDC-42A3-9474-1A3956D46DE8}") = "5.Routing-Configuration", "5.Routing-Configuration", "{54618839-0DB4-4CA1-939D-2752E796462C}"
EndProject
Project("{2150E333-8FDC-42A3-9474-1A3956D46DE8}") = "6.Logging", "6.Logging", "{70275C1E-D780-4214-8FB8-12F289B03A5C}"
EndProject
Project("{9A19103F-16F7-4668-BE54-9A1E7A4F7556}") = "Logging", "LoggingMiddelware\Logging.csproj", "{4E6B5A99-5014-4F25-B91B-E1EF60DDCF98}"
EndProject
Project("{FAE04EC0-301F-11D3-BF4B-00C04F79EFBC}") = "Middleware", "Middleware\Middleware.csproj", "{4D564BD4-63FC-42C8-8EBF-B44C411759A2}"
EndProject
Project("{2150E333-8FDC-42A3-9474-1A3956D46DE8}") = "7.Middleware", "7.Middleware", "{14660C6F-8613-452C-8403-D5FE821A3D2B}"
EndProject
Global
	GlobalSection(SolutionConfigurationPlatforms) = preSolution
		Debug|Any CPU = Debug|Any CPU
		Release|Any CPU = Release|Any CPU
	EndGlobalSection
	GlobalSection(ProjectConfigurationPlatforms) = postSolution
		{26207B6F-572B-40E9-8A43-CC7388B4BA5F}.Debug|Any CPU.ActiveCfg = Debug|Any CPU
		{26207B6F-572B-40E9-8A43-CC7388B4BA5F}.Debug|Any CPU.Build.0 = Debug|Any CPU
		{26207B6F-572B-40E9-8A43-CC7388B4BA5F}.Release|Any CPU.ActiveCfg = Release|Any CPU
		{26207B6F-572B-40E9-8A43-CC7388B4BA5F}.Release|Any CPU.Build.0 = Release|Any CPU
		{CFA1A999-3221-4151-BBA0-475B41B8F9ED}.Debug|Any CPU.ActiveCfg = Debug|Any CPU
		{CFA1A999-3221-4151-BBA0-475B41B8F9ED}.Debug|Any CPU.Build.0 = Debug|Any CPU
		{CFA1A999-3221-4151-BBA0-475B41B8F9ED}.Release|Any CPU.ActiveCfg = Release|Any CPU
		{CFA1A999-3221-4151-BBA0-475B41B8F9ED}.Release|Any CPU.Build.0 = Release|Any CPU
		{AF56E5A4-1ACC-47C1-A769-D192DF3FD4FF}.Debug|Any CPU.ActiveCfg = Debug|Any CPU
		{AF56E5A4-1ACC-47C1-A769-D192DF3FD4FF}.Debug|Any CPU.Build.0 = Debug|Any CPU
		{AF56E5A4-1ACC-47C1-A769-D192DF3FD4FF}.Release|Any CPU.ActiveCfg = Release|Any CPU
		{AF56E5A4-1ACC-47C1-A769-D192DF3FD4FF}.Release|Any CPU.Build.0 = Release|Any CPU
		{4042757C-D39F-40FB-9356-DD6791A96FF3}.Debug|Any CPU.ActiveCfg = Debug|Any CPU
		{4042757C-D39F-40FB-9356-DD6791A96FF3}.Debug|Any CPU.Build.0 = Debug|Any CPU
		{4042757C-D39F-40FB-9356-DD6791A96FF3}.Release|Any CPU.ActiveCfg = Release|Any CPU
		{4042757C-D39F-40FB-9356-DD6791A96FF3}.Release|Any CPU.Build.0 = Release|Any CPU
		{93D299FC-1690-44E9-A2ED-65FC4FCB3DFB}.Debug|Any CPU.ActiveCfg = Debug|Any CPU
		{93D299FC-1690-44E9-A2ED-65FC4FCB3DFB}.Debug|Any CPU.Build.0 = Debug|Any CPU
		{93D299FC-1690-44E9-A2ED-65FC4FCB3DFB}.Release|Any CPU.ActiveCfg = Release|Any CPU
		{93D299FC-1690-44E9-A2ED-65FC4FCB3DFB}.Release|Any CPU.Build.0 = Release|Any CPU
		{8AF609F4-BAA6-4096-89BB-B045F14FDD29}.Debug|Any CPU.ActiveCfg = Debug|Any CPU
		{8AF609F4-BAA6-4096-89BB-B045F14FDD29}.Debug|Any CPU.Build.0 = Debug|Any CPU
		{8AF609F4-BAA6-4096-89BB-B045F14FDD29}.Release|Any CPU.ActiveCfg = Release|Any CPU
		{8AF609F4-BAA6-4096-89BB-B045F14FDD29}.Release|Any CPU.Build.0 = Release|Any CPU
		{20E23A43-B8F3-48F8-96C0-A16F53745CB2}.Debug|Any CPU.ActiveCfg = Debug|Any CPU
		{20E23A43-B8F3-48F8-96C0-A16F53745CB2}.Debug|Any CPU.Build.0 = Debug|Any CPU
		{20E23A43-B8F3-48F8-96C0-A16F53745CB2}.Release|Any CPU.ActiveCfg = Release|Any CPU
		{20E23A43-B8F3-48F8-96C0-A16F53745CB2}.Release|Any CPU.Build.0 = Release|Any CPU
		{DE09746B-CC8E-4800-BD6F-C0FD0B6A9D12}.Debug|Any CPU.ActiveCfg = Debug|Any CPU
		{DE09746B-CC8E-4800-BD6F-C0FD0B6A9D12}.Debug|Any CPU.Build.0 = Debug|Any CPU
		{DE09746B-CC8E-4800-BD6F-C0FD0B6A9D12}.Release|Any CPU.ActiveCfg = Release|Any CPU
		{DE09746B-CC8E-4800-BD6F-C0FD0B6A9D12}.Release|Any CPU.Build.0 = Release|Any CPU
		{B0296E77-162F-4A0D-8D67-DBD193F37E03}.Debug|Any CPU.ActiveCfg = Debug|Any CPU
		{B0296E77-162F-4A0D-8D67-DBD193F37E03}.Debug|Any CPU.Build.0 = Debug|Any CPU
		{B0296E77-162F-4A0D-8D67-DBD193F37E03}.Release|Any CPU.ActiveCfg = Release|Any CPU
		{B0296E77-162F-4A0D-8D67-DBD193F37E03}.Release|Any CPU.Build.0 = Release|Any CPU
		{98E74678-68C6-4095-9F62-DBE045242533}.Debug|Any CPU.ActiveCfg = Debug|Any CPU
		{98E74678-68C6-4095-9F62-DBE045242533}.Debug|Any CPU.Build.0 = Debug|Any CPU
		{98E74678-68C6-4095-9F62-DBE045242533}.Release|Any CPU.ActiveCfg = Release|Any CPU
		{98E74678-68C6-4095-9F62-DBE045242533}.Release|Any CPU.Build.0 = Release|Any CPU
		{F4944902-782F-45F6-AAC0-9A2544C150B1}.Debug|Any CPU.ActiveCfg = Debug|Any CPU
		{F4944902-782F-45F6-AAC0-9A2544C150B1}.Debug|Any CPU.Build.0 = Debug|Any CPU
		{F4944902-782F-45F6-AAC0-9A2544C150B1}.Release|Any CPU.ActiveCfg = Release|Any CPU
		{F4944902-782F-45F6-AAC0-9A2544C150B1}.Release|Any CPU.Build.0 = Release|Any CPU
		{4E6B5A99-5014-4F25-B91B-E1EF60DDCF98}.Debug|Any CPU.ActiveCfg = Debug|Any CPU
		{4E6B5A99-5014-4F25-B91B-E1EF60DDCF98}.Debug|Any CPU.Build.0 = Debug|Any CPU
		{4E6B5A99-5014-4F25-B91B-E1EF60DDCF98}.Release|Any CPU.ActiveCfg = Release|Any CPU
		{4E6B5A99-5014-4F25-B91B-E1EF60DDCF98}.Release|Any CPU.Build.0 = Release|Any CPU
		{4D564BD4-63FC-42C8-8EBF-B44C411759A2}.Debug|Any CPU.ActiveCfg = Debug|Any CPU
		{4D564BD4-63FC-42C8-8EBF-B44C411759A2}.Debug|Any CPU.Build.0 = Debug|Any CPU
		{4D564BD4-63FC-42C8-8EBF-B44C411759A2}.Release|Any CPU.ActiveCfg = Release|Any CPU
		{4D564BD4-63FC-42C8-8EBF-B44C411759A2}.Release|Any CPU.Build.0 = Release|Any CPU
	EndGlobalSection
	GlobalSection(SolutionProperties) = preSolution
		HideSolutionNode = FALSE
	EndGlobalSection
	GlobalSection(NestedProjects) = preSolution
		{26207B6F-572B-40E9-8A43-CC7388B4BA5F} = {F5AC5AC9-E376-4DC7-8A9F-32ACA0DC7302}
		{CFA1A999-3221-4151-BBA0-475B41B8F9ED} = {9748A154-7414-42CE-BCDE-EE7B76BB3E79}
		{AF56E5A4-1ACC-47C1-A769-D192DF3FD4FF} = {9748A154-7414-42CE-BCDE-EE7B76BB3E79}
		{4042757C-D39F-40FB-9356-DD6791A96FF3} = {159992B7-F854-4F1B-B3F0-59808F560C4B}
		{93D299FC-1690-44E9-A2ED-65FC4FCB3DFB} = {159992B7-F854-4F1B-B3F0-59808F560C4B}
		{8AF609F4-BAA6-4096-89BB-B045F14FDD29} = {CD75E711-D796-4C19-B064-FB8D5628E539}
		{20E23A43-B8F3-48F8-96C0-A16F53745CB2} = {CD75E711-D796-4C19-B064-FB8D5628E539}
		{DE09746B-CC8E-4800-BD6F-C0FD0B6A9D12} = {F5AC5AC9-E376-4DC7-8A9F-32ACA0DC7302}
		{B0296E77-162F-4A0D-8D67-DBD193F37E03} = {C3CB225D-E78D-4D6E-B847-FD2648D58BD3}
		{98E74678-68C6-4095-9F62-DBE045242533} = {6789B6A7-9A7C-4707-8677-BB8FA009DB9D}
		{F4944902-782F-45F6-AAC0-9A2544C150B1} = {54618839-0DB4-4CA1-939D-2752E796462C}
		{4E6B5A99-5014-4F25-B91B-E1EF60DDCF98} = {70275C1E-D780-4214-8FB8-12F289B03A5C}
		{4D564BD4-63FC-42C8-8EBF-B44C411759A2} = {14660C6F-8613-452C-8403-D5FE821A3D2B}
	EndGlobalSection
	GlobalSection(ExtensibilityGlobals) = postSolution
		SolutionGuid = {5D2C3F4D-8D13-4233-A8DE-BFD18DCC0727}
	EndGlobalSection
EndGlobal
