
Microsoft Visual Studio Solution File, Format Version 12.00
# Visual Studio Version 17
VisualStudioVersion = 17.11.35208.52
MinimumVisualStudioVersion = 10.0.40219.1
Project("{2150E333-8FDC-42A3-9474-1A3956D46DE8}") = "1.OnlyController", "1.OnlyController", "{F5AC5AC9-E376-4DC7-8A9F-32ACA0DC7302}"
	ProjectSection(SolutionItems) = preProject
		OnlyController\README.md = OnlyController\README.md
	EndProjectSection
EndProject
Project("{9A19103F-16F7-4668-BE54-9A1E7A4F7556}") = "BackendData", "OnlyController\BackendData\BackendData.csproj", "{26207B6F-572B-40E9-8A43-CC7388B4BA5F}"
EndProject
Project("{2150E333-8FDC-42A3-9474-1A3956D46DE8}") = "2.ResponseTypeDemo", "2.ResponseTypeDemo", "{9748A154-7414-42CE-BCDE-EE7B76BB3E79}"
	ProjectSection(SolutionItems) = preProject
		ResponseTypeDemo\README.md = ResponseTypeDemo\README.md
	EndProjectSection
EndProject
Project("{2150E333-8FDC-42A3-9474-1A3956D46DE8}") = "4.WithServiceAndDTOs", "4.WithServiceAndDTOs", "{159992B7-F854-4F1B-B3F0-59808F560C4B}"
	ProjectSection(SolutionItems) = preProject
		WithServiceAndDTOs\BlogWebApiArkitekturDiagram_100pct.png = WithServiceAndDTOs\BlogWebApiArkitekturDiagram_100pct.png
		WithServiceAndDTOs\README.md = WithServiceAndDTOs\README.md
	EndProjectSection
EndProject
Project("{2150E333-8FDC-42A3-9474-1A3956D46DE8}") = "8.CRUDrelatedEntities", "8.CRUDrelatedEntities", "{CD75E711-D796-4C19-B064-FB8D5628E539}"
	ProjectSection(SolutionItems) = preProject
		CRUDrelatedEntities\README.md = CRUDrelatedEntities\README.md
	EndProjectSection
EndProject
Project("{2150E333-8FDC-42A3-9474-1A3956D46DE8}") = "Solution Items", "Solution Items", "{06BD93D9-2EC7-4D34-8680-D716C6F584B4}"
	ProjectSection(SolutionItems) = preProject
		README.md = README.md
	EndProjectSection
EndProject
Project("{9A19103F-16F7-4668-BE54-9A1E7A4F7556}") = "BackendData", "ResponseTypeDemo\BackendData\BackendData.csproj", "{CFA1A999-3221-4151-BBA0-475B41B8F9ED}"
EndProject
Project("{9A19103F-16F7-4668-BE54-9A1E7A4F7556}") = "BlogsWebApi", "ResponseTypeDemo\BlogsWebApi\BlogsWebApi.csproj", "{AF56E5A4-1ACC-47C1-A769-D192DF3FD4FF}"
EndProject
Project("{9A19103F-16F7-4668-BE54-9A1E7A4F7556}") = "BackendData", "WithServiceAndDTOs\BackendData\BackendData.csproj", "{4042757C-D39F-40FB-9356-DD6791A96FF3}"
EndProject
Project("{9A19103F-16F7-4668-BE54-9A1E7A4F7556}") = "BlogsWebApi", "WithServiceAndDTOs\BlogsWebApi\BlogsWebApi.csproj", "{93D299FC-1690-44E9-A2ED-65FC4FCB3DFB}"
EndProject
Project("{9A19103F-16F7-4668-BE54-9A1E7A4F7556}") = "BackendData", "CRUDrelatedEntities\BackendData\BackendData.csproj", "{8AF609F4-BAA6-4096-89BB-B045F14FDD29}"
EndProject
Project("{9A19103F-16F7-4668-BE54-9A1E7A4F7556}") = "BlogsWebApi", "CRUDrelatedEntities\BlogsWebApi\BlogsWebApi.csproj", "{20E23A43-B8F3-48F8-96C0-A16F53745CB2}"
EndProject
Project("{9A19103F-16F7-4668-BE54-9A1E7A4F7556}") = "BlogsWebApi", "OnlyController\BlogsWebApi\BlogsWebApi.csproj", "{DE09746B-CC8E-4800-BD6F-C0FD0B6A9D12}"
EndProject
Project("{9A19103F-16F7-4668-BE54-9A1E7A4F7556}") = "DependencyInjectionDemo", "DependencyInjectionDemo\DependencyInjectionDemo\DependencyInjectionDemo.csproj", "{98E74678-68C6-4095-9F62-DBE045242533}"
EndProject
Project("{2150E333-8FDC-42A3-9474-1A3956D46DE8}") = "3.DependencyInjection", "3.DependencyInjection", "{6789B6A7-9A7C-4707-8677-BB8FA009DB9D}"
EndProject
Project("{9A19103F-16F7-4668-BE54-9A1E7A4F7556}") = "RoutingConfig", "RoutingConfig\RoutingConfig.csproj", "{F4944902-782F-45F6-AAC0-9A2544C150B1}"
EndProject
Project("{2150E333-8FDC-42A3-9474-1A3956D46DE8}") = "5.Routing-Configuration", "5.Routing-Configuration", "{54618839-0DB4-4CA1-939D-2752E796462C}"
EndProject
Project("{2150E333-8FDC-42A3-9474-1A3956D46DE8}") = "6.Logging", "6.Logging", "{70275C1E-D780-4214-8FB8-12F289B03A5C}"
EndProject
Project("{9A19103F-16F7-4668-BE54-9A1E7A4F7556}") = "Middleware", "Middleware\Middleware.csproj", "{4D564BD4-63FC-42C8-8EBF-B44C411759A2}"
EndProject
Project("{2150E333-8FDC-42A3-9474-1A3956D46DE8}") = "7.Middleware", "7.Middleware", "{14660C6F-8613-452C-8403-D5FE821A3D2B}"
EndProject
Project("{9A19103F-16F7-4668-BE54-9A1E7A4F7556}") = "Logging", "Logging\Logging.csproj", "{1E6CF0BA-73A2-4A36-8B7E-ECD2A7E74B37}"
EndProject
Project("{9A19103F-16F7-4668-BE54-9A1E7A4F7556}") = "AuthenticationDemo", "AuthenticationDemo\AuthenticationDemo.csproj", "{322B9B9B-F199-4B70-8340-468929EBB91F}"
EndProject
Project("{2150E333-8FDC-42A3-9474-1A3956D46DE8}") = "9.Security", "9.Security", "{0C847D9B-09DD-4FCF-A6BB-8DF0D8023DB6}"
EndProject
Project("{9A19103F-16F7-4668-BE54-9A1E7A4F7556}") = "NewIdentityApiDemo", "NewIdentityApiDemo\NewIdentityApiDemo.csproj", "{5864D582-E6F0-4695-A488-9A5C491EE082}"
EndProject
Project("{9A19103F-16F7-4668-BE54-9A1E7A4F7556}") = "AuthenticationDemoClient", "AuthenticationDemoClient\AuthenticationDemoClient.csproj", "{17078C2A-7E2F-488A-BFE6-9BAD8B82D9AE}"
EndProject
Project("{2150E333-8FDC-42A3-9474-1A3956D46DE8}") = "JWTdemo", "JWTdemo", "{9D18175D-5FF2-4929-8ACC-E30911699C38}"
EndProject
Project("{2150E333-8FDC-42A3-9474-1A3956D46DE8}") = "10.Testing", "10.Testing", "{7D1D3FFB-9E80-48FD-B09A-F49D6CF1D9E1}"
	ProjectSection(SolutionItems) = preProject
		UnitTest\README.md = UnitTest\README.md
	EndProjectSection
EndProject
Project("{9A19103F-16F7-4668-BE54-9A1E7A4F7556}") = "EmployeesApp.WebApi", "UnitTest\EmployeesApp\EmployeesApp.WebApi.csproj", "{DB912148-A69F-42B9-9584-9AED21E62F2A}"
EndProject
Project("{9A19103F-16F7-4668-BE54-9A1E7A4F7556}") = "EmployeesApp.UnitTest", "UnitTest\EmployeesApp.Test\EmployeesApp.UnitTest.csproj", "{4C98DE95-D80A-4B65-A494-C0C0F272E9DE}"
EndProject
Project("{FAE04EC0-301F-11D3-BF4B-00C04F79EFBC}") = "EmployeesApp.IntegrationTests", "EmployeesApp.IntegrationTests\EmployeesApp.IntegrationTests.csproj", "{AABF9A55-3E2E-47E5-ACC4-F824C672F426}"
EndProject
Global
	GlobalSection(SolutionConfigurationPlatforms) = preSolution
		Debug|Any CPU = Debug|Any CPU
		Release|Any CPU = Release|Any CPU
	EndGlobalSection
	GlobalSection(ProjectConfigurationPlatforms) = postSolution
		{26207B6F-572B-40E9-8A43-CC7388B4BA5F}.Debug|Any CPU.ActiveCfg = Debug|Any CPU
		{26207B6F-572B-40E9-8A43-CC7388B4BA5F}.Debug|Any CPU.Build.0 = Debug|Any CPU
		{26207B6F-572B-40E9-8A43-CC7388B4BA5F}.Release|Any CPU.ActiveCfg = Release|Any CPU
		{26207B6F-572B-40E9-8A43-CC7388B4BA5F}.Release|Any CPU.Build.0 = Release|Any CPU
		{CFA1A999-3221-4151-BBA0-475B41B8F9ED}.Debug|Any CPU.ActiveCfg = Debug|Any CPU
		{CFA1A999-3221-4151-BBA0-475B41B8F9ED}.Debug|Any CPU.Build.0 = Debug|Any CPU
		{CFA1A999-3221-4151-BBA0-475B41B8F9ED}.Release|Any CPU.ActiveCfg = Release|Any CPU
		{CFA1A999-3221-4151-BBA0-475B41B8F9ED}.Release|Any CPU.Build.0 = Release|Any CPU
		{AF56E5A4-1ACC-47C1-A769-D192DF3FD4FF}.Debug|Any CPU.ActiveCfg = Debug|Any CPU
		{AF56E5A4-1ACC-47C1-A769-D192DF3FD4FF}.Debug|Any CPU.Build.0 = Debug|Any CPU
		{AF56E5A4-1ACC-47C1-A769-D192DF3FD4FF}.Release|Any CPU.ActiveCfg = Release|Any CPU
		{AF56E5A4-1ACC-47C1-A769-D192DF3FD4FF}.Release|Any CPU.Build.0 = Release|Any CPU
		{4042757C-D39F-40FB-9356-DD6791A96FF3}.Debug|Any CPU.ActiveCfg = Debug|Any CPU
		{4042757C-D39F-40FB-9356-DD6791A96FF3}.Debug|Any CPU.Build.0 = Debug|Any CPU
		{4042757C-D39F-40FB-9356-DD6791A96FF3}.Release|Any CPU.ActiveCfg = Release|Any CPU
		{4042757C-D39F-40FB-9356-DD6791A96FF3}.Release|Any CPU.Build.0 = Release|Any CPU
		{93D299FC-1690-44E9-A2ED-65FC4FCB3DFB}.Debug|Any CPU.ActiveCfg = Debug|Any CPU
		{93D299FC-1690-44E9-A2ED-65FC4FCB3DFB}.Debug|Any CPU.Build.0 = Debug|Any CPU
		{93D299FC-1690-44E9-A2ED-65FC4FCB3DFB}.Release|Any CPU.ActiveCfg = Release|Any CPU
		{93D299FC-1690-44E9-A2ED-65FC4FCB3DFB}.Release|Any CPU.Build.0 = Release|Any CPU
		{8AF609F4-BAA6-4096-89BB-B045F14FDD29}.Debug|Any CPU.ActiveCfg = Debug|Any CPU
		{8AF609F4-BAA6-4096-89BB-B045F14FDD29}.Debug|Any CPU.Build.0 = Debug|Any CPU
		{8AF609F4-BAA6-4096-89BB-B045F14FDD29}.Release|Any CPU.ActiveCfg = Release|Any CPU
		{8AF609F4-BAA6-4096-89BB-B045F14FDD29}.Release|Any CPU.Build.0 = Release|Any CPU
		{20E23A43-B8F3-48F8-96C0-A16F53745CB2}.Debug|Any CPU.ActiveCfg = Debug|Any CPU
		{20E23A43-B8F3-48F8-96C0-A16F53745CB2}.Debug|Any CPU.Build.0 = Debug|Any CPU
		{20E23A43-B8F3-48F8-96C0-A16F53745CB2}.Release|Any CPU.ActiveCfg = Release|Any CPU
		{20E23A43-B8F3-48F8-96C0-A16F53745CB2}.Release|Any CPU.Build.0 = Release|Any CPU
		{DE09746B-CC8E-4800-BD6F-C0FD0B6A9D12}.Debug|Any CPU.ActiveCfg = Debug|Any CPU
		{DE09746B-CC8E-4800-BD6F-C0FD0B6A9D12}.Debug|Any CPU.Build.0 = Debug|Any CPU
		{DE09746B-CC8E-4800-BD6F-C0FD0B6A9D12}.Release|Any CPU.ActiveCfg = Release|Any CPU
		{DE09746B-CC8E-4800-BD6F-C0FD0B6A9D12}.Release|Any CPU.Build.0 = Release|Any CPU
		{98E74678-68C6-4095-9F62-DBE045242533}.Debug|Any CPU.ActiveCfg = Debug|Any CPU
		{98E74678-68C6-4095-9F62-DBE045242533}.Debug|Any CPU.Build.0 = Debug|Any CPU
		{98E74678-68C6-4095-9F62-DBE045242533}.Release|Any CPU.ActiveCfg = Release|Any CPU
		{98E74678-68C6-4095-9F62-DBE045242533}.Release|Any CPU.Build.0 = Release|Any CPU
		{F4944902-782F-45F6-AAC0-9A2544C150B1}.Debug|Any CPU.ActiveCfg = Debug|Any CPU
		{F4944902-782F-45F6-AAC0-9A2544C150B1}.Debug|Any CPU.Build.0 = Debug|Any CPU
		{F4944902-782F-45F6-AAC0-9A2544C150B1}.Release|Any CPU.ActiveCfg = Release|Any CPU
		{F4944902-782F-45F6-AAC0-9A2544C150B1}.Release|Any CPU.Build.0 = Release|Any CPU
		{4D564BD4-63FC-42C8-8EBF-B44C411759A2}.Debug|Any CPU.ActiveCfg = Debug|Any CPU
		{4D564BD4-63FC-42C8-8EBF-B44C411759A2}.Debug|Any CPU.Build.0 = Debug|Any CPU
		{4D564BD4-63FC-42C8-8EBF-B44C411759A2}.Release|Any CPU.ActiveCfg = Release|Any CPU
		{4D564BD4-63FC-42C8-8EBF-B44C411759A2}.Release|Any CPU.Build.0 = Release|Any CPU
		{1E6CF0BA-73A2-4A36-8B7E-ECD2A7E74B37}.Debug|Any CPU.ActiveCfg = Debug|Any CPU
		{1E6CF0BA-73A2-4A36-8B7E-ECD2A7E74B37}.Debug|Any CPU.Build.0 = Debug|Any CPU
		{1E6CF0BA-73A2-4A36-8B7E-ECD2A7E74B37}.Release|Any CPU.ActiveCfg = Release|Any CPU
		{1E6CF0BA-73A2-4A36-8B7E-ECD2A7E74B37}.Release|Any CPU.Build.0 = Release|Any CPU
		{322B9B9B-F199-4B70-8340-468929EBB91F}.Debug|Any CPU.ActiveCfg = Debug|Any CPU
		{322B9B9B-F199-4B70-8340-468929EBB91F}.Debug|Any CPU.Build.0 = Debug|Any CPU
		{322B9B9B-F199-4B70-8340-468929EBB91F}.Release|Any CPU.ActiveCfg = Release|Any CPU
		{322B9B9B-F199-4B70-8340-468929EBB91F}.Release|Any CPU.Build.0 = Release|Any CPU
		{5864D582-E6F0-4695-A488-9A5C491EE082}.Debug|Any CPU.ActiveCfg = Debug|Any CPU
		{5864D582-E6F0-4695-A488-9A5C491EE082}.Debug|Any CPU.Build.0 = Debug|Any CPU
		{5864D582-E6F0-4695-A488-9A5C491EE082}.Release|Any CPU.ActiveCfg = Release|Any CPU
		{5864D582-E6F0-4695-A488-9A5C491EE082}.Release|Any CPU.Build.0 = Release|Any CPU
		{17078C2A-7E2F-488A-BFE6-9BAD8B82D9AE}.Debug|Any CPU.ActiveCfg = Debug|Any CPU
		{17078C2A-7E2F-488A-BFE6-9BAD8B82D9AE}.Debug|Any CPU.Build.0 = Debug|Any CPU
		{17078C2A-7E2F-488A-BFE6-9BAD8B82D9AE}.Release|Any CPU.ActiveCfg = Release|Any CPU
		{17078C2A-7E2F-488A-BFE6-9BAD8B82D9AE}.Release|Any CPU.Build.0 = Release|Any CPU
		{DB912148-A69F-42B9-9584-9AED21E62F2A}.Debug|Any CPU.ActiveCfg = Debug|Any CPU
		{DB912148-A69F-42B9-9584-9AED21E62F2A}.Debug|Any CPU.Build.0 = Debug|Any CPU
		{DB912148-A69F-42B9-9584-9AED21E62F2A}.Release|Any CPU.ActiveCfg = Release|Any CPU
		{DB912148-A69F-42B9-9584-9AED21E62F2A}.Release|Any CPU.Build.0 = Release|Any CPU
		{4C98DE95-D80A-4B65-A494-C0C0F272E9DE}.Debug|Any CPU.ActiveCfg = Debug|Any CPU
		{4C98DE95-D80A-4B65-A494-C0C0F272E9DE}.Debug|Any CPU.Build.0 = Debug|Any CPU
		{4C98DE95-D80A-4B65-A494-C0C0F272E9DE}.Release|Any CPU.ActiveCfg = Release|Any CPU
		{4C98DE95-D80A-4B65-A494-C0C0F272E9DE}.Release|Any CPU.Build.0 = Release|Any CPU
		{AABF9A55-3E2E-47E5-ACC4-F824C672F426}.Debug|Any CPU.ActiveCfg = Debug|Any CPU
		{AABF9A55-3E2E-47E5-ACC4-F824C672F426}.Debug|Any CPU.Build.0 = Debug|Any CPU
		{AABF9A55-3E2E-47E5-ACC4-F824C672F426}.Release|Any CPU.ActiveCfg = Release|Any CPU
		{AABF9A55-3E2E-47E5-ACC4-F824C672F426}.Release|Any CPU.Build.0 = Release|Any CPU
	EndGlobalSection
	GlobalSection(SolutionProperties) = preSolution
		HideSolutionNode = FALSE
	EndGlobalSection
	GlobalSection(NestedProjects) = preSolution
		{26207B6F-572B-40E9-8A43-CC7388B4BA5F} = {F5AC5AC9-E376-4DC7-8A9F-32ACA0DC7302}
		{CFA1A999-3221-4151-BBA0-475B41B8F9ED} = {9748A154-7414-42CE-BCDE-EE7B76BB3E79}
		{AF56E5A4-1ACC-47C1-A769-D192DF3FD4FF} = {9748A154-7414-42CE-BCDE-EE7B76BB3E79}
		{4042757C-D39F-40FB-9356-DD6791A96FF3} = {159992B7-F854-4F1B-B3F0-59808F560C4B}
		{93D299FC-1690-44E9-A2ED-65FC4FCB3DFB} = {159992B7-F854-4F1B-B3F0-59808F560C4B}
		{8AF609F4-BAA6-4096-89BB-B045F14FDD29} = {CD75E711-D796-4C19-B064-FB8D5628E539}
		{20E23A43-B8F3-48F8-96C0-A16F53745CB2} = {CD75E711-D796-4C19-B064-FB8D5628E539}
		{DE09746B-CC8E-4800-BD6F-C0FD0B6A9D12} = {F5AC5AC9-E376-4DC7-8A9F-32ACA0DC7302}
		{98E74678-68C6-4095-9F62-DBE045242533} = {6789B6A7-9A7C-4707-8677-BB8FA009DB9D}
		{F4944902-782F-45F6-AAC0-9A2544C150B1} = {54618839-0DB4-4CA1-939D-2752E796462C}
		{4D564BD4-63FC-42C8-8EBF-B44C411759A2} = {14660C6F-8613-452C-8403-D5FE821A3D2B}
		{1E6CF0BA-73A2-4A36-8B7E-ECD2A7E74B37} = {70275C1E-D780-4214-8FB8-12F289B03A5C}
		{322B9B9B-F199-4B70-8340-468929EBB91F} = {9D18175D-5FF2-4929-8ACC-E30911699C38}
		{5864D582-E6F0-4695-A488-9A5C491EE082} = {0C847D9B-09DD-4FCF-A6BB-8DF0D8023DB6}
		{17078C2A-7E2F-488A-BFE6-9BAD8B82D9AE} = {9D18175D-5FF2-4929-8ACC-E30911699C38}
		{9D18175D-5FF2-4929-8ACC-E30911699C38} = {0C847D9B-09DD-4FCF-A6BB-8DF0D8023DB6}
		{DB912148-A69F-42B9-9584-9AED21E62F2A} = {7D1D3FFB-9E80-48FD-B09A-F49D6CF1D9E1}
		{4C98DE95-D80A-4B65-A494-C0C0F272E9DE} = {7D1D3FFB-9E80-48FD-B09A-F49D6CF1D9E1}
		{AABF9A55-3E2E-47E5-ACC4-F824C672F426} = {7D1D3FFB-9E80-48FD-B09A-F49D6CF1D9E1}
	EndGlobalSection
	GlobalSection(ExtensibilityGlobals) = postSolution
		SolutionGuid = {5D2C3F4D-8D13-4233-A8DE-BFD18DCC0727}
	EndGlobalSection
EndGlobal
