
Microsoft Visual Studio Solution File, Format Version 12.00
# Visual Studio Version 17
VisualStudioVersion = 17.11.35208.52
MinimumVisualStudioVersion = 10.0.40219.1
Project("{2150E333-8FDC-42A3-9474-1A3956D46DE8}") = "1. Fundamentals", "1. Fundamentals", "{F5AC5AC9-E376-4DC7-8A9F-32ACA0DC7302}"
	ProjectSection(SolutionItems) = preProject
		OnlyController\README.md = OnlyController\README.md
	EndProjectSection
EndProject
Project("{9A19103F-16F7-4668-BE54-9A1E7A4F7556}") = "BackendData", "OnlyController\BackendData\BackendData.csproj", "{26207B6F-572B-40E9-8A43-CC7388B4BA5F}"
EndProject
Project("{2150E333-8FDC-42A3-9474-1A3956D46DE8}") = "2. GettingStarted", "2. GettingStarted", "{9748A154-7414-42CE-BCDE-EE7B76BB3E79}"
EndProject
Project("{2150E333-8FDC-42A3-9474-1A3956D46DE8}") = "2.3. WithServiceAndDTOs", "2.3. WithServiceAndDTOs", "{159992B7-F854-4F1B-B3F0-59808F560C4B}"
	ProjectSection(SolutionItems) = preProject
		WithServiceAndDTOs\README.md = WithServiceAndDTOs\README.md
	EndProjectSection
EndProject
Project("{2150E333-8FDC-42A3-9474-1A3956D46DE8}") = "CRUDrelatedEntities", "CRUDrelatedEntities", "{CD75E711-D796-4C19-B064-FB8D5628E539}"
	ProjectSection(SolutionItems) = preProject
		CRUDrelatedEntities\README.md = CRUDrelatedEntities\README.md
	EndProjectSection
EndProject
Project("{2150E333-8FDC-42A3-9474-1A3956D46DE8}") = "Solution Items", "Solution Items", "{06BD93D9-2EC7-4D34-8680-D716C6F584B4}"
	ProjectSection(SolutionItems) = preProject
		README.md = README.md
	EndProjectSection
EndProject
Project("{9A19103F-16F7-4668-BE54-9A1E7A4F7556}") = "BackendData", "WithServiceAndDTOs\BackendData\BackendData.csproj", "{4042757C-D39F-40FB-9356-DD6791A96FF3}"
EndProject
Project("{9A19103F-16F7-4668-BE54-9A1E7A4F7556}") = "BlogsWebApi", "WithServiceAndDTOs\BlogsWebApi\BlogsWebApi.csproj", "{93D299FC-1690-44E9-A2ED-65FC4FCB3DFB}"
EndProject
Project("{9A19103F-16F7-4668-BE54-9A1E7A4F7556}") = "BackendData", "CRUDrelatedEntities\BackendData\BackendData.csproj", "{8AF609F4-BAA6-4096-89BB-B045F14FDD29}"
EndProject
Project("{9A19103F-16F7-4668-BE54-9A1E7A4F7556}") = "BlogsWebApi", "CRUDrelatedEntities\BlogsWebApi\BlogsWebApi.csproj", "{20E23A43-B8F3-48F8-96C0-A16F53745CB2}"
EndProject
Project("{9A19103F-16F7-4668-BE54-9A1E7A4F7556}") = "BlogsWebApi", "OnlyController\BlogsWebApi\BlogsWebApi.csproj", "{DE09746B-CC8E-4800-BD6F-C0FD0B6A9D12}"
EndProject
Project("{9A19103F-16F7-4668-BE54-9A1E7A4F7556}") = "DependencyInjectionDemo", "DependencyInjectionDemo\DependencyInjectionDemo\DependencyInjectionDemo.csproj", "{98E74678-68C6-4095-9F62-DBE045242533}"
EndProject
Project("{2150E333-8FDC-42A3-9474-1A3956D46DE8}") = "2.4. DependencyInjection", "2.4. DependencyInjection", "{6789B6A7-9A7C-4707-8677-BB8FA009DB9D}"
EndProject
Project("{2150E333-8FDC-42A3-9474-1A3956D46DE8}") = "3. Routing-Binding-Validation", "3. Routing-Binding-Validation", "{54618839-0DB4-4CA1-939D-2752E796462C}"
EndProject
Project("{2150E333-8FDC-42A3-9474-1A3956D46DE8}") = "5. Logging - Middleware", "5. Logging - Middleware", "{70275C1E-D780-4214-8FB8-12F289B03A5C}"
EndProject
Project("{9A19103F-16F7-4668-BE54-9A1E7A4F7556}") = "Middleware", "Middleware\Middleware.csproj", "{4D564BD4-63FC-42C8-8EBF-B44C411759A2}"
EndProject
Project("{9A19103F-16F7-4668-BE54-9A1E7A4F7556}") = "Logging", "Logging\Logging.csproj", "{1E6CF0BA-73A2-4A36-8B7E-ECD2A7E74B37}"
EndProject
Project("{9A19103F-16F7-4668-BE54-9A1E7A4F7556}") = "AuthenticationDemo", "AuthenticationDemo\AuthenticationDemo.csproj", "{322B9B9B-F199-4B70-8340-468929EBB91F}"
EndProject
Project("{2150E333-8FDC-42A3-9474-1A3956D46DE8}") = "7. Security", "7. Security", "{0C847D9B-09DD-4FCF-A6BB-8DF0D8023DB6}"
EndProject
Project("{9A19103F-16F7-4668-BE54-9A1E7A4F7556}") = "NewIdentityApiDemo", "NewIdentityApiDemo\NewIdentityApiDemo.csproj", "{5864D582-E6F0-4695-A488-9A5C491EE082}"
EndProject
Project("{9A19103F-16F7-4668-BE54-9A1E7A4F7556}") = "AuthenticationDemoClient", "AuthenticationDemoClient\AuthenticationDemoClient.csproj", "{17078C2A-7E2F-488A-BFE6-9BAD8B82D9AE}"
EndProject
Project("{2150E333-8FDC-42A3-9474-1A3956D46DE8}") = "JWTdemo", "JWTdemo", "{9D18175D-5FF2-4929-8ACC-E30911699C38}"
EndProject
Project("{9A19103F-16F7-4668-BE54-9A1E7A4F7556}") = "Blogs.IntegrationTest", "Testing\Blogs.IntegrationTest\Blogs.IntegrationTest.csproj", "{EA2D75A4-D324-40E7-BD6E-24F6A665F7DD}"
EndProject
Project("{2150E333-8FDC-42A3-9474-1A3956D46DE8}") = "9. Testing", "9. Testing", "{D08F480B-F8CD-493B-9B53-06AD17D9E4E6}"
	ProjectSection(SolutionItems) = preProject
		Testing\README.md = Testing\README.md
	EndProjectSection
EndProject
Project("{9A19103F-16F7-4668-BE54-9A1E7A4F7556}") = "BackendData", "Testing\BackendData\BackendData.csproj", "{837EA355-EA44-4035-8FFE-EEB3719987F5}"
EndProject
Project("{9A19103F-16F7-4668-BE54-9A1E7A4F7556}") = "Blogs.UnitTest", "Testing\Blogs.UnitTest\Blogs.UnitTest.csproj", "{929AA746-0F6B-4B27-B723-D71342407E30}"
EndProject
Project("{9A19103F-16F7-4668-BE54-9A1E7A4F7556}") = "BlogsWebApi", "Testing\BlogsWebApi\BlogsWebApi.csproj", "{4DC13021-B0E8-48D2-ADA5-A4A25EF4EB17}"
EndProject
Project("{9A19103F-16F7-4668-BE54-9A1E7A4F7556}") = "Blogs.TestContainers", "Testing\Blogs.TestContainers\Blogs.TestContainers.csproj", "{B7BE60A9-6262-464B-B22B-FCD78916EB5E}"
EndProject
Project("{9A19103F-16F7-4668-BE54-9A1E7A4F7556}") = "APIkey", "APIkey\APIkey.csproj", "{4AFF339E-A28E-429B-8A60-C0E6F6D8F60A}"
EndProject
Project("{9A19103F-16F7-4668-BE54-9A1E7A4F7556}") = "Versioning", "Versioning\Versioning.csproj", "{8A3CFBC3-E1FF-42B4-9E14-55D793787F9A}"
EndProject
Project("{2150E333-8FDC-42A3-9474-1A3956D46DE8}") = "6. Andre emner", "6. Andre emner", "{5FBCFD76-C3D0-4E5A-B307-EEABBEAEB8C8}"
EndProject
Project("{9A19103F-16F7-4668-BE54-9A1E7A4F7556}") = "Caching", "Caching\Caching.csproj", "{B3AC9B6E-683F-4CDC-90A3-0110FCD7CBD9}"
EndProject
Project("{9A19103F-16F7-4668-BE54-9A1E7A4F7556}") = "ContentNegotiation", "ContentNegotiation\ContentNegotiation.csproj", "{D27FA209-494E-4922-B05C-FE9E1842AE48}"
EndProject
Project("{9A19103F-16F7-4668-BE54-9A1E7A4F7556}") = "ModelStateValidation", "ModelStateValidation\ModelStateValidation.csproj", "{D1654084-5EBF-4C18-860A-2BED87A80D37}"
EndProject
Project("{2150E333-8FDC-42A3-9474-1A3956D46DE8}") = "OnlyController", "OnlyController", "{EC695BAD-0238-427B-8E79-31F7FF7A67E1}"
EndProject
Project("{2150E333-8FDC-42A3-9474-1A3956D46DE8}") = "2.2 ReturnTypesDemo", "2.2 ReturnTypesDemo", "{FB19B788-7D7B-40B0-A885-D3795EC40217}"
	ProjectSection(SolutionItems) = preProject
		ReturnTypeDemo\README.md = ReturnTypeDemo\README.md
	EndProjectSection
EndProject
Project("{9A19103F-16F7-4668-BE54-9A1E7A4F7556}") = "WeatherForecastDemo", "WeatherForecastDemo\WeatherForecastDemo.csproj", "{B80D817C-3F98-4CE8-AF1B-1B92303F0618}"
EndProject
Project("{2150E333-8FDC-42A3-9474-1A3956D46DE8}") = "2.1 WeatherForecast", "2.1 WeatherForecast", "{E8A3DD74-DED7-4409-B7E7-260F8F94E68D}"
EndProject
Project("{9A19103F-16F7-4668-BE54-9A1E7A4F7556}") = "BackendData", "ReturnTypeDemo\BackendData\BackendData.csproj", "{43BF5F4C-57D8-4E08-91A2-099F7EBC0228}"
EndProject
Project("{9A19103F-16F7-4668-BE54-9A1E7A4F7556}") = "BlogsWebApi", "ReturnTypeDemo\BlogsWebApi\BlogsWebApi.csproj", "{FA47CCF4-333A-40BF-B5D0-5BD48624CFEE}"
EndProject
Project("{2150E333-8FDC-42A3-9474-1A3956D46DE8}") = "3.2 ModelStateValidation", "3.2 ModelStateValidation", "{94BA1AC0-107C-4E0F-8E73-9B82B043D552}"
EndProject
Project("{2150E333-8FDC-42A3-9474-1A3956D46DE8}") = "4. Configuration-Environments", "4. Configuration-Environments", "{A954ED13-3BF2-4CCB-AF97-670207217D25}"
EndProject
Project("{2150E333-8FDC-42A3-9474-1A3956D46DE8}") = "3.1 Routing", "3.1 Routing", "{331D0D93-89F3-463E-A02C-A9A13169F436}"
EndProject
Project("{9A19103F-16F7-4668-BE54-9A1E7A4F7556}") = "RoutingDemo", "RoutingDemo\RoutingDemo.csproj", "{EA3AC534-253D-4D6D-9847-8309110E394B}"
EndProject
Project("{9A19103F-16F7-4668-BE54-9A1E7A4F7556}") = "ConfigurationDemo", "ConfigurationDemo\ConfigurationDemo.csproj", "{660D44B8-3684-4F75-9584-CC4E789FC637}"
EndProject
Global
	GlobalSection(SolutionConfigurationPlatforms) = preSolution
		Debug|Any CPU = Debug|Any CPU
		Release|Any CPU = Release|Any CPU
	EndGlobalSection
	GlobalSection(ProjectConfigurationPlatforms) = postSolution
		{26207B6F-572B-40E9-8A43-CC7388B4BA5F}.Debug|Any CPU.ActiveCfg = Debug|Any CPU
		{26207B6F-572B-40E9-8A43-CC7388B4BA5F}.Debug|Any CPU.Build.0 = Debug|Any CPU
		{26207B6F-572B-40E9-8A43-CC7388B4BA5F}.Release|Any CPU.ActiveCfg = Release|Any CPU
		{26207B6F-572B-40E9-8A43-CC7388B4BA5F}.Release|Any CPU.Build.0 = Release|Any CPU
		{4042757C-D39F-40FB-9356-DD6791A96FF3}.Debug|Any CPU.ActiveCfg = Debug|Any CPU
		{4042757C-D39F-40FB-9356-DD6791A96FF3}.Debug|Any CPU.Build.0 = Debug|Any CPU
		{4042757C-D39F-40FB-9356-DD6791A96FF3}.Release|Any CPU.ActiveCfg = Release|Any CPU
		{4042757C-D39F-40FB-9356-DD6791A96FF3}.Release|Any CPU.Build.0 = Release|Any CPU
		{93D299FC-1690-44E9-A2ED-65FC4FCB3DFB}.Debug|Any CPU.ActiveCfg = Debug|Any CPU
		{93D299FC-1690-44E9-A2ED-65FC4FCB3DFB}.Debug|Any CPU.Build.0 = Debug|Any CPU
		{93D299FC-1690-44E9-A2ED-65FC4FCB3DFB}.Release|Any CPU.ActiveCfg = Release|Any CPU
		{93D299FC-1690-44E9-A2ED-65FC4FCB3DFB}.Release|Any CPU.Build.0 = Release|Any CPU
		{8AF609F4-BAA6-4096-89BB-B045F14FDD29}.Debug|Any CPU.ActiveCfg = Debug|Any CPU
		{8AF609F4-BAA6-4096-89BB-B045F14FDD29}.Debug|Any CPU.Build.0 = Debug|Any CPU
		{8AF609F4-BAA6-4096-89BB-B045F14FDD29}.Release|Any CPU.ActiveCfg = Release|Any CPU
		{8AF609F4-BAA6-4096-89BB-B045F14FDD29}.Release|Any CPU.Build.0 = Release|Any CPU
		{20E23A43-B8F3-48F8-96C0-A16F53745CB2}.Debug|Any CPU.ActiveCfg = Debug|Any CPU
		{20E23A43-B8F3-48F8-96C0-A16F53745CB2}.Debug|Any CPU.Build.0 = Debug|Any CPU
		{20E23A43-B8F3-48F8-96C0-A16F53745CB2}.Release|Any CPU.ActiveCfg = Release|Any CPU
		{20E23A43-B8F3-48F8-96C0-A16F53745CB2}.Release|Any CPU.Build.0 = Release|Any CPU
		{DE09746B-CC8E-4800-BD6F-C0FD0B6A9D12}.Debug|Any CPU.ActiveCfg = Debug|Any CPU
		{DE09746B-CC8E-4800-BD6F-C0FD0B6A9D12}.Debug|Any CPU.Build.0 = Debug|Any CPU
		{DE09746B-CC8E-4800-BD6F-C0FD0B6A9D12}.Release|Any CPU.ActiveCfg = Release|Any CPU
		{DE09746B-CC8E-4800-BD6F-C0FD0B6A9D12}.Release|Any CPU.Build.0 = Release|Any CPU
		{98E74678-68C6-4095-9F62-DBE045242533}.Debug|Any CPU.ActiveCfg = Debug|Any CPU
		{98E74678-68C6-4095-9F62-DBE045242533}.Debug|Any CPU.Build.0 = Debug|Any CPU
		{98E74678-68C6-4095-9F62-DBE045242533}.Release|Any CPU.ActiveCfg = Release|Any CPU
		{98E74678-68C6-4095-9F62-DBE045242533}.Release|Any CPU.Build.0 = Release|Any CPU
		{4D564BD4-63FC-42C8-8EBF-B44C411759A2}.Debug|Any CPU.ActiveCfg = Debug|Any CPU
		{4D564BD4-63FC-42C8-8EBF-B44C411759A2}.Debug|Any CPU.Build.0 = Debug|Any CPU
		{4D564BD4-63FC-42C8-8EBF-B44C411759A2}.Release|Any CPU.ActiveCfg = Release|Any CPU
		{4D564BD4-63FC-42C8-8EBF-B44C411759A2}.Release|Any CPU.Build.0 = Release|Any CPU
		{1E6CF0BA-73A2-4A36-8B7E-ECD2A7E74B37}.Debug|Any CPU.ActiveCfg = Debug|Any CPU
		{1E6CF0BA-73A2-4A36-8B7E-ECD2A7E74B37}.Debug|Any CPU.Build.0 = Debug|Any CPU
		{1E6CF0BA-73A2-4A36-8B7E-ECD2A7E74B37}.Release|Any CPU.ActiveCfg = Release|Any CPU
		{1E6CF0BA-73A2-4A36-8B7E-ECD2A7E74B37}.Release|Any CPU.Build.0 = Release|Any CPU
		{322B9B9B-F199-4B70-8340-468929EBB91F}.Debug|Any CPU.ActiveCfg = Debug|Any CPU
		{322B9B9B-F199-4B70-8340-468929EBB91F}.Debug|Any CPU.Build.0 = Debug|Any CPU
		{322B9B9B-F199-4B70-8340-468929EBB91F}.Release|Any CPU.ActiveCfg = Release|Any CPU
		{322B9B9B-F199-4B70-8340-468929EBB91F}.Release|Any CPU.Build.0 = Release|Any CPU
		{5864D582-E6F0-4695-A488-9A5C491EE082}.Debug|Any CPU.ActiveCfg = Debug|Any CPU
		{5864D582-E6F0-4695-A488-9A5C491EE082}.Debug|Any CPU.Build.0 = Debug|Any CPU
		{5864D582-E6F0-4695-A488-9A5C491EE082}.Release|Any CPU.ActiveCfg = Release|Any CPU
		{5864D582-E6F0-4695-A488-9A5C491EE082}.Release|Any CPU.Build.0 = Release|Any CPU
		{17078C2A-7E2F-488A-BFE6-9BAD8B82D9AE}.Debug|Any CPU.ActiveCfg = Debug|Any CPU
		{17078C2A-7E2F-488A-BFE6-9BAD8B82D9AE}.Debug|Any CPU.Build.0 = Debug|Any CPU
		{17078C2A-7E2F-488A-BFE6-9BAD8B82D9AE}.Release|Any CPU.ActiveCfg = Release|Any CPU
		{17078C2A-7E2F-488A-BFE6-9BAD8B82D9AE}.Release|Any CPU.Build.0 = Release|Any CPU
		{EA2D75A4-D324-40E7-BD6E-24F6A665F7DD}.Debug|Any CPU.ActiveCfg = Debug|Any CPU
		{EA2D75A4-D324-40E7-BD6E-24F6A665F7DD}.Debug|Any CPU.Build.0 = Debug|Any CPU
		{EA2D75A4-D324-40E7-BD6E-24F6A665F7DD}.Release|Any CPU.ActiveCfg = Release|Any CPU
		{EA2D75A4-D324-40E7-BD6E-24F6A665F7DD}.Release|Any CPU.Build.0 = Release|Any CPU
		{837EA355-EA44-4035-8FFE-EEB3719987F5}.Debug|Any CPU.ActiveCfg = Debug|Any CPU
		{837EA355-EA44-4035-8FFE-EEB3719987F5}.Debug|Any CPU.Build.0 = Debug|Any CPU
		{837EA355-EA44-4035-8FFE-EEB3719987F5}.Release|Any CPU.ActiveCfg = Release|Any CPU
		{837EA355-EA44-4035-8FFE-EEB3719987F5}.Release|Any CPU.Build.0 = Release|Any CPU
		{929AA746-0F6B-4B27-B723-D71342407E30}.Debug|Any CPU.ActiveCfg = Debug|Any CPU
		{929AA746-0F6B-4B27-B723-D71342407E30}.Debug|Any CPU.Build.0 = Debug|Any CPU
		{929AA746-0F6B-4B27-B723-D71342407E30}.Release|Any CPU.ActiveCfg = Release|Any CPU
		{929AA746-0F6B-4B27-B723-D71342407E30}.Release|Any CPU.Build.0 = Release|Any CPU
		{4DC13021-B0E8-48D2-ADA5-A4A25EF4EB17}.Debug|Any CPU.ActiveCfg = Debug|Any CPU
		{4DC13021-B0E8-48D2-ADA5-A4A25EF4EB17}.Debug|Any CPU.Build.0 = Debug|Any CPU
		{4DC13021-B0E8-48D2-ADA5-A4A25EF4EB17}.Release|Any CPU.ActiveCfg = Release|Any CPU
		{4DC13021-B0E8-48D2-ADA5-A4A25EF4EB17}.Release|Any CPU.Build.0 = Release|Any CPU
		{B7BE60A9-6262-464B-B22B-FCD78916EB5E}.Debug|Any CPU.ActiveCfg = Debug|Any CPU
		{B7BE60A9-6262-464B-B22B-FCD78916EB5E}.Debug|Any CPU.Build.0 = Debug|Any CPU
		{B7BE60A9-6262-464B-B22B-FCD78916EB5E}.Release|Any CPU.ActiveCfg = Release|Any CPU
		{B7BE60A9-6262-464B-B22B-FCD78916EB5E}.Release|Any CPU.Build.0 = Release|Any CPU
		{4AFF339E-A28E-429B-8A60-C0E6F6D8F60A}.Debug|Any CPU.ActiveCfg = Debug|Any CPU
		{4AFF339E-A28E-429B-8A60-C0E6F6D8F60A}.Debug|Any CPU.Build.0 = Debug|Any CPU
		{4AFF339E-A28E-429B-8A60-C0E6F6D8F60A}.Release|Any CPU.ActiveCfg = Release|Any CPU
		{4AFF339E-A28E-429B-8A60-C0E6F6D8F60A}.Release|Any CPU.Build.0 = Release|Any CPU
		{8A3CFBC3-E1FF-42B4-9E14-55D793787F9A}.Debug|Any CPU.ActiveCfg = Debug|Any CPU
		{8A3CFBC3-E1FF-42B4-9E14-55D793787F9A}.Debug|Any CPU.Build.0 = Debug|Any CPU
		{8A3CFBC3-E1FF-42B4-9E14-55D793787F9A}.Release|Any CPU.ActiveCfg = Release|Any CPU
		{8A3CFBC3-E1FF-42B4-9E14-55D793787F9A}.Release|Any CPU.Build.0 = Release|Any CPU
		{B3AC9B6E-683F-4CDC-90A3-0110FCD7CBD9}.Debug|Any CPU.ActiveCfg = Debug|Any CPU
		{B3AC9B6E-683F-4CDC-90A3-0110FCD7CBD9}.Debug|Any CPU.Build.0 = Debug|Any CPU
		{B3AC9B6E-683F-4CDC-90A3-0110FCD7CBD9}.Release|Any CPU.ActiveCfg = Release|Any CPU
		{B3AC9B6E-683F-4CDC-90A3-0110FCD7CBD9}.Release|Any CPU.Build.0 = Release|Any CPU
		{D27FA209-494E-4922-B05C-FE9E1842AE48}.Debug|Any CPU.ActiveCfg = Debug|Any CPU
		{D27FA209-494E-4922-B05C-FE9E1842AE48}.Debug|Any CPU.Build.0 = Debug|Any CPU
		{D27FA209-494E-4922-B05C-FE9E1842AE48}.Release|Any CPU.ActiveCfg = Release|Any CPU
		{D27FA209-494E-4922-B05C-FE9E1842AE48}.Release|Any CPU.Build.0 = Release|Any CPU
		{D1654084-5EBF-4C18-860A-2BED87A80D37}.Debug|Any CPU.ActiveCfg = Debug|Any CPU
		{D1654084-5EBF-4C18-860A-2BED87A80D37}.Debug|Any CPU.Build.0 = Debug|Any CPU
		{D1654084-5EBF-4C18-860A-2BED87A80D37}.Release|Any CPU.ActiveCfg = Release|Any CPU
		{D1654084-5EBF-4C18-860A-2BED87A80D37}.Release|Any CPU.Build.0 = Release|Any CPU
		{B80D817C-3F98-4CE8-AF1B-1B92303F0618}.Debug|Any CPU.ActiveCfg = Debug|Any CPU
		{B80D817C-3F98-4CE8-AF1B-1B92303F0618}.Debug|Any CPU.Build.0 = Debug|Any CPU
		{B80D817C-3F98-4CE8-AF1B-1B92303F0618}.Release|Any CPU.ActiveCfg = Release|Any CPU
		{B80D817C-3F98-4CE8-AF1B-1B92303F0618}.Release|Any CPU.Build.0 = Release|Any CPU
		{43BF5F4C-57D8-4E08-91A2-099F7EBC0228}.Debug|Any CPU.ActiveCfg = Debug|Any CPU
		{43BF5F4C-57D8-4E08-91A2-099F7EBC0228}.Debug|Any CPU.Build.0 = Debug|Any CPU
		{43BF5F4C-57D8-4E08-91A2-099F7EBC0228}.Release|Any CPU.ActiveCfg = Release|Any CPU
		{43BF5F4C-57D8-4E08-91A2-099F7EBC0228}.Release|Any CPU.Build.0 = Release|Any CPU
		{FA47CCF4-333A-40BF-B5D0-5BD48624CFEE}.Debug|Any CPU.ActiveCfg = Debug|Any CPU
		{FA47CCF4-333A-40BF-B5D0-5BD48624CFEE}.Debug|Any CPU.Build.0 = Debug|Any CPU
		{FA47CCF4-333A-40BF-B5D0-5BD48624CFEE}.Release|Any CPU.ActiveCfg = Release|Any CPU
		{FA47CCF4-333A-40BF-B5D0-5BD48624CFEE}.Release|Any CPU.Build.0 = Release|Any CPU
		{EA3AC534-253D-4D6D-9847-8309110E394B}.Debug|Any CPU.ActiveCfg = Debug|Any CPU
		{EA3AC534-253D-4D6D-9847-8309110E394B}.Debug|Any CPU.Build.0 = Debug|Any CPU
		{EA3AC534-253D-4D6D-9847-8309110E394B}.Release|Any CPU.ActiveCfg = Release|Any CPU
		{EA3AC534-253D-4D6D-9847-8309110E394B}.Release|Any CPU.Build.0 = Release|Any CPU
		{660D44B8-3684-4F75-9584-CC4E789FC637}.Debug|Any CPU.ActiveCfg = Debug|Any CPU
		{660D44B8-3684-4F75-9584-CC4E789FC637}.Debug|Any CPU.Build.0 = Debug|Any CPU
		{660D44B8-3684-4F75-9584-CC4E789FC637}.Release|Any CPU.ActiveCfg = Release|Any CPU
		{660D44B8-3684-4F75-9584-CC4E789FC637}.Release|Any CPU.Build.0 = Release|Any CPU
	EndGlobalSection
	GlobalSection(SolutionProperties) = preSolution
		HideSolutionNode = FALSE
	EndGlobalSection
	GlobalSection(NestedProjects) = preSolution
		{26207B6F-572B-40E9-8A43-CC7388B4BA5F} = {EC695BAD-0238-427B-8E79-31F7FF7A67E1}
		{159992B7-F854-4F1B-B3F0-59808F560C4B} = {9748A154-7414-42CE-BCDE-EE7B76BB3E79}
		{4042757C-D39F-40FB-9356-DD6791A96FF3} = {159992B7-F854-4F1B-B3F0-59808F560C4B}
		{93D299FC-1690-44E9-A2ED-65FC4FCB3DFB} = {159992B7-F854-4F1B-B3F0-59808F560C4B}
		{8AF609F4-BAA6-4096-89BB-B045F14FDD29} = {CD75E711-D796-4C19-B064-FB8D5628E539}
		{20E23A43-B8F3-48F8-96C0-A16F53745CB2} = {CD75E711-D796-4C19-B064-FB8D5628E539}
		{DE09746B-CC8E-4800-BD6F-C0FD0B6A9D12} = {EC695BAD-0238-427B-8E79-31F7FF7A67E1}
		{98E74678-68C6-4095-9F62-DBE045242533} = {6789B6A7-9A7C-4707-8677-BB8FA009DB9D}
		{6789B6A7-9A7C-4707-8677-BB8FA009DB9D} = {9748A154-7414-42CE-BCDE-EE7B76BB3E79}
		{4D564BD4-63FC-42C8-8EBF-B44C411759A2} = {70275C1E-D780-4214-8FB8-12F289B03A5C}
		{1E6CF0BA-73A2-4A36-8B7E-ECD2A7E74B37} = {70275C1E-D780-4214-8FB8-12F289B03A5C}
		{322B9B9B-F199-4B70-8340-468929EBB91F} = {9D18175D-5FF2-4929-8ACC-E30911699C38}
		{5864D582-E6F0-4695-A488-9A5C491EE082} = {0C847D9B-09DD-4FCF-A6BB-8DF0D8023DB6}
		{17078C2A-7E2F-488A-BFE6-9BAD8B82D9AE} = {9D18175D-5FF2-4929-8ACC-E30911699C38}
		{9D18175D-5FF2-4929-8ACC-E30911699C38} = {0C847D9B-09DD-4FCF-A6BB-8DF0D8023DB6}
		{EA2D75A4-D324-40E7-BD6E-24F6A665F7DD} = {D08F480B-F8CD-493B-9B53-06AD17D9E4E6}
		{837EA355-EA44-4035-8FFE-EEB3719987F5} = {D08F480B-F8CD-493B-9B53-06AD17D9E4E6}
		{929AA746-0F6B-4B27-B723-D71342407E30} = {D08F480B-F8CD-493B-9B53-06AD17D9E4E6}
		{4DC13021-B0E8-48D2-ADA5-A4A25EF4EB17} = {D08F480B-F8CD-493B-9B53-06AD17D9E4E6}
		{B7BE60A9-6262-464B-B22B-FCD78916EB5E} = {D08F480B-F8CD-493B-9B53-06AD17D9E4E6}
		{4AFF339E-A28E-429B-8A60-C0E6F6D8F60A} = {0C847D9B-09DD-4FCF-A6BB-8DF0D8023DB6}
		{8A3CFBC3-E1FF-42B4-9E14-55D793787F9A} = {5FBCFD76-C3D0-4E5A-B307-EEABBEAEB8C8}
		{B3AC9B6E-683F-4CDC-90A3-0110FCD7CBD9} = {5FBCFD76-C3D0-4E5A-B307-EEABBEAEB8C8}
		{D27FA209-494E-4922-B05C-FE9E1842AE48} = {5FBCFD76-C3D0-4E5A-B307-EEABBEAEB8C8}
		{D1654084-5EBF-4C18-860A-2BED87A80D37} = {94BA1AC0-107C-4E0F-8E73-9B82B043D552}
		{EC695BAD-0238-427B-8E79-31F7FF7A67E1} = {F5AC5AC9-E376-4DC7-8A9F-32ACA0DC7302}
		{FB19B788-7D7B-40B0-A885-D3795EC40217} = {9748A154-7414-42CE-BCDE-EE7B76BB3E79}
		{B80D817C-3F98-4CE8-AF1B-1B92303F0618} = {E8A3DD74-DED7-4409-B7E7-260F8F94E68D}
		{E8A3DD74-DED7-4409-B7E7-260F8F94E68D} = {9748A154-7414-42CE-BCDE-EE7B76BB3E79}
		{43BF5F4C-57D8-4E08-91A2-099F7EBC0228} = {FB19B788-7D7B-40B0-A885-D3795EC40217}
		{FA47CCF4-333A-40BF-B5D0-5BD48624CFEE} = {FB19B788-7D7B-40B0-A885-D3795EC40217}
		{94BA1AC0-107C-4E0F-8E73-9B82B043D552} = {54618839-0DB4-4CA1-939D-2752E796462C}
		{331D0D93-89F3-463E-A02C-A9A13169F436} = {54618839-0DB4-4CA1-939D-2752E796462C}
		{EA3AC534-253D-4D6D-9847-8309110E394B} = {331D0D93-89F3-463E-A02C-A9A13169F436}
		{660D44B8-3684-4F75-9584-CC4E789FC637} = {A954ED13-3BF2-4CCB-AF97-670207217D25}
	EndGlobalSection
	GlobalSection(ExtensibilityGlobals) = postSolution
		SolutionGuid = {5D2C3F4D-8D13-4233-A8DE-BFD18DCC0727}
	EndGlobalSection
EndGlobal
